# This file is automatically @generated by Cargo.
# It is not intended for manual editing.
version = 4

[[package]]
name = "mensung-builder"
version = "0.1.0"
dependencies = [
 "mensung-db",
 "mensung-domain",
]

[[package]]
name = "mensung-client"
version = "0.1.0"
dependencies = [
 "mensung-core",
 "mensung-db",
 "mensung-domain",
]

[[package]]
name = "mensung-core"
version = "0.1.0"
dependencies = [
 "mensung-domain",
]

[[package]]
name = "mensung-db"
version = "0.1.0"
dependencies = [
 "mensung-domain",
]

[[package]]
name = "mensung-domain"
version = "0.1.0"
